
Microsoft Visual Studio Solution File, Format Version 12.00
# Visual Studio Version 17
VisualStudioVersion = 17.0.31903.59
MinimumVisualStudioVersion = 10.0.40219.1
Project("{F2A71F9B-5D33-465A-A702-920D77279786}") = "Foosball.FSharp.API", "Foosball.FSharp.API\Foosball.FSharp.API.fsproj", "{DA8F9B60-4B8F-41E0-90EB-284A2E2846C3}"
EndProject
Project("{F2A71F9B-5D33-465A-A702-920D77279786}") = "Foosball.FSharp.Domain", "Foosball.FSharp.Domain\Foosball.FSharp.Domain.fsproj", "{C7B640D2-082D-4093-B410-BE5BA675E80E}"
EndProject
Project("{F2A71F9B-5D33-465A-A702-920D77279786}") = "Foosball.FSharp.Infrastructure", "Foosball.FSharp.Infrastructure\Foosball.FSharp.Infrastructure.fsproj", "{1C49B9F8-A117-42F6-9450-13D66C374DB8}"
EndProject
Global
	GlobalSection(SolutionConfigurationPlatforms) = preSolution
		Debug|Any CPU = Debug|Any CPU
		Release|Any CPU = Release|Any CPU
	EndGlobalSection
	GlobalSection(SolutionProperties) = preSolution
		HideSolutionNode = FALSE
	EndGlobalSection
	GlobalSection(ProjectConfigurationPlatforms) = postSolution
		{DA8F9B60-4B8F-41E0-90EB-284A2E2846C3}.Debug|Any CPU.ActiveCfg = Debug|Any CPU
		{DA8F9B60-4B8F-41E0-90EB-284A2E2846C3}.Debug|Any CPU.Build.0 = Debug|Any CPU
		{DA8F9B60-4B8F-41E0-90EB-284A2E2846C3}.Release|Any CPU.ActiveCfg = Release|Any CPU
		{DA8F9B60-4B8F-41E0-90EB-284A2E2846C3}.Release|Any CPU.Build.0 = Release|Any CPU
		{C7B640D2-082D-4093-B410-BE5BA675E80E}.Debug|Any CPU.ActiveCfg = Debug|Any CPU
		{C7B640D2-082D-4093-B410-BE5BA675E80E}.Debug|Any CPU.Build.0 = Debug|Any CPU
		{C7B640D2-082D-4093-B410-BE5BA675E80E}.Release|Any CPU.ActiveCfg = Release|Any CPU
		{C7B640D2-082D-4093-B410-BE5BA675E80E}.Release|Any CPU.Build.0 = Release|Any CPU
		{1C49B9F8-A117-42F6-9450-13D66C374DB8}.Debug|Any CPU.ActiveCfg = Debug|Any CPU
		{1C49B9F8-A117-42F6-9450-13D66C374DB8}.Debug|Any CPU.Build.0 = Debug|Any CPU
		{1C49B9F8-A117-42F6-9450-13D66C374DB8}.Release|Any CPU.ActiveCfg = Release|Any CPU
		{1C49B9F8-A117-42F6-9450-13D66C374DB8}.Release|Any CPU.Build.0 = Release|Any CPU
	EndGlobalSection
EndGlobal
